
Microsoft Visual Studio Solution File, Format Version 12.00
# Visual Studio Version 17
VisualStudioVersion = 17.3.32819.101
MinimumVisualStudioVersion = 10.0.40219.1
Project("{2150E333-8FDC-42A3-9474-1A3956D46DE8}") = "UI", "UI", "{9ACC74B3-32C8-452A-927E-FC2921682AB7}"
EndProject
Project("{2150E333-8FDC-42A3-9474-1A3956D46DE8}") = "Data", "Data", "{6C015F69-2DFE-413F-ABBD-0331C087FA0E}"
EndProject
Project("{2150E333-8FDC-42A3-9474-1A3956D46DE8}") = "Services", "Services", "{2BC2023B-1B5C-4CBB-9F7B-AB6989403874}"
EndProject
Project("{2150E333-8FDC-42A3-9474-1A3956D46DE8}") = "Common", "Common", "{2B8645ED-945A-4A72-80E6-A53FFCDCECA2}"
EndProject
Project("{9A19103F-16F7-4668-BE54-9A1E7A4F7556}") = "WebStore.Domain", "Common\WebStore.Domain\WebStore.Domain.csproj", "{B9624F8A-9DAA-447B-9F45-2D0547A83A10}"
EndProject
Project("{9A19103F-16F7-4668-BE54-9A1E7A4F7556}") = "WebStore.DAL", "Data\WebStore.DAL\WebStore.DAL.csproj", "{52DDD906-CE79-4F8D-A495-A04296FEA55B}"
EndProject
Project("{9A19103F-16F7-4668-BE54-9A1E7A4F7556}") = "WebStore", "UI\WebStore\WebStore.csproj", "{AFE84C3C-D8E3-43D9-B45E-305374D9B566}"
EndProject
Project("{FAE04EC0-301F-11D3-BF4B-00C04F79EFBC}") = "WebStore.Interfaces", "Services\WebStore.Interfaces\WebStore.Interfaces.csproj", "{69EB9B8C-E2A5-445B-A175-0FDED76AECFD}"
EndProject
Project("{FAE04EC0-301F-11D3-BF4B-00C04F79EFBC}") = "WebStore.Services", "Services\WebStore.Services\WebStore.Services.csproj", "{1707A973-C838-43AB-8B82-7B1503EFC5A7}"
EndProject
Global
	GlobalSection(SolutionConfigurationPlatforms) = preSolution
		Debug|Any CPU = Debug|Any CPU
		Release|Any CPU = Release|Any CPU
	EndGlobalSection
	GlobalSection(ProjectConfigurationPlatforms) = postSolution
		{B9624F8A-9DAA-447B-9F45-2D0547A83A10}.Debug|Any CPU.ActiveCfg = Debug|Any CPU
		{B9624F8A-9DAA-447B-9F45-2D0547A83A10}.Debug|Any CPU.Build.0 = Debug|Any CPU
		{B9624F8A-9DAA-447B-9F45-2D0547A83A10}.Release|Any CPU.ActiveCfg = Release|Any CPU
		{B9624F8A-9DAA-447B-9F45-2D0547A83A10}.Release|Any CPU.Build.0 = Release|Any CPU
		{52DDD906-CE79-4F8D-A495-A04296FEA55B}.Debug|Any CPU.ActiveCfg = Debug|Any CPU
		{52DDD906-CE79-4F8D-A495-A04296FEA55B}.Debug|Any CPU.Build.0 = Debug|Any CPU
		{52DDD906-CE79-4F8D-A495-A04296FEA55B}.Release|Any CPU.ActiveCfg = Release|Any CPU
		{52DDD906-CE79-4F8D-A495-A04296FEA55B}.Release|Any CPU.Build.0 = Release|Any CPU
		{AFE84C3C-D8E3-43D9-B45E-305374D9B566}.Debug|Any CPU.ActiveCfg = Debug|Any CPU
		{AFE84C3C-D8E3-43D9-B45E-305374D9B566}.Debug|Any CPU.Build.0 = Debug|Any CPU
		{AFE84C3C-D8E3-43D9-B45E-305374D9B566}.Release|Any CPU.ActiveCfg = Release|Any CPU
		{AFE84C3C-D8E3-43D9-B45E-305374D9B566}.Release|Any CPU.Build.0 = Release|Any CPU
		{69EB9B8C-E2A5-445B-A175-0FDED76AECFD}.Debug|Any CPU.ActiveCfg = Debug|Any CPU
		{69EB9B8C-E2A5-445B-A175-0FDED76AECFD}.Debug|Any CPU.Build.0 = Debug|Any CPU
		{69EB9B8C-E2A5-445B-A175-0FDED76AECFD}.Release|Any CPU.ActiveCfg = Release|Any CPU
		{69EB9B8C-E2A5-445B-A175-0FDED76AECFD}.Release|Any CPU.Build.0 = Release|Any CPU
		{1707A973-C838-43AB-8B82-7B1503EFC5A7}.Debug|Any CPU.ActiveCfg = Debug|Any CPU
		{1707A973-C838-43AB-8B82-7B1503EFC5A7}.Debug|Any CPU.Build.0 = Debug|Any CPU
		{1707A973-C838-43AB-8B82-7B1503EFC5A7}.Release|Any CPU.ActiveCfg = Release|Any CPU
		{1707A973-C838-43AB-8B82-7B1503EFC5A7}.Release|Any CPU.Build.0 = Release|Any CPU
	EndGlobalSection
	GlobalSection(SolutionProperties) = preSolution
		HideSolutionNode = FALSE
	EndGlobalSection
	GlobalSection(NestedProjects) = preSolution
		{B9624F8A-9DAA-447B-9F45-2D0547A83A10} = {2B8645ED-945A-4A72-80E6-A53FFCDCECA2}
		{52DDD906-CE79-4F8D-A495-A04296FEA55B} = {6C015F69-2DFE-413F-ABBD-0331C087FA0E}
		{AFE84C3C-D8E3-43D9-B45E-305374D9B566} = {9ACC74B3-32C8-452A-927E-FC2921682AB7}
		{69EB9B8C-E2A5-445B-A175-0FDED76AECFD} = {2BC2023B-1B5C-4CBB-9F7B-AB6989403874}
		{1707A973-C838-43AB-8B82-7B1503EFC5A7} = {2BC2023B-1B5C-4CBB-9F7B-AB6989403874}
	EndGlobalSection
	GlobalSection(ExtensibilityGlobals) = postSolution
		SolutionGuid = {310BA6A2-41E6-4586-9992-CED2525FCA2D}
	EndGlobalSection
EndGlobal
